// !$*UTF8*$!
{
	archiveVersion = 1;
	classes = {
	};
	objectVersion = 51;
	objects = {

/* Begin PBXBuildFile section */
		130DF85C25A81F1F0081386A /* AppDelegate.swift in Sources */ = {isa = PBXBuildFile; fileRef = 130DF85B25A81F1F0081386A /* AppDelegate.swift */; };
		130DF85E25A81F1F0081386A /* SceneDelegate.swift in Sources */ = {isa = PBXBuildFile; fileRef = 130DF85D25A81F1F0081386A /* SceneDelegate.swift */; };
		130DF86025A81F1F0081386A /* OnboardingViewController.swift in Sources */ = {isa = PBXBuildFile; fileRef = 130DF85F25A81F1F0081386A /* OnboardingViewController.swift */; };
		130DF86825A81F240081386A /* LaunchScreen.storyboard in Resources */ = {isa = PBXBuildFile; fileRef = 130DF86625A81F240081386A /* LaunchScreen.storyboard */; };
		130DF87425A823E70081386A /* Inter-Medium.ttf in Resources */ = {isa = PBXBuildFile; fileRef = 130DF87225A823E70081386A /* Inter-Medium.ttf */; };
		130DF87525A823E70081386A /* Inter-Bold.ttf in Resources */ = {isa = PBXBuildFile; fileRef = 130DF87325A823E70081386A /* Inter-Bold.ttf */; };
		130DF87C25A8274C0081386A /* PrimaryButton.swift in Sources */ = {isa = PBXBuildFile; fileRef = 130DF87B25A8274C0081386A /* PrimaryButton.swift */; };
		130DF88025A8279C0081386A /* Constants.swift in Sources */ = {isa = PBXBuildFile; fileRef = 130DF87F25A8279C0081386A /* Constants.swift */; };
		130DF88725A82C2D0081386A /* HeaderLabel.swift in Sources */ = {isa = PBXBuildFile; fileRef = 130DF88625A82C2D0081386A /* HeaderLabel.swift */; };
		130DF89025A82D250081386A /* BodyLabel.swift in Sources */ = {isa = PBXBuildFile; fileRef = 130DF88F25A82D250081386A /* BodyLabel.swift */; };
		130DF89325A82DFA0081386A /* SignInViewController.swift in Sources */ = {isa = PBXBuildFile; fileRef = 130DF89225A82DFA0081386A /* SignInViewController.swift */; };
		130DF8A425A837140081386A /* TextField.swift in Sources */ = {isa = PBXBuildFile; fileRef = 130DF8A325A837140081386A /* TextField.swift */; };
		1314C05325DDECA70023E3E3 /* TextView.swift in Sources */ = {isa = PBXBuildFile; fileRef = 1314C05225DDECA70023E3E3 /* TextView.swift */; };
		1314C05725DDFE700023E3E3 /* Slider.swift in Sources */ = {isa = PBXBuildFile; fileRef = 1314C05625DDFE700023E3E3 /* Slider.swift */; };
		1314C05D25DE260F0023E3E3 /* ImagePickerButton.swift in Sources */ = {isa = PBXBuildFile; fileRef = 1314C05C25DE260F0023E3E3 /* ImagePickerButton.swift */; };
		1314E7A925AD938700780B37 /* GoogleService-Info.plist in Resources */ = {isa = PBXBuildFile; fileRef = 1314E7A825AD938700780B37 /* GoogleService-Info.plist */; };
		131BE42325AC611D000974FC /* UIViewController+Ext.swift in Sources */ = {isa = PBXBuildFile; fileRef = 131BE42225AC611D000974FC /* UIViewController+Ext.swift */; };
		1335EA4D25A8441E00024059 /* Assets.xcassets in Resources */ = {isa = PBXBuildFile; fileRef = 13EB6F5225A83C3000ACE243 /* Assets.xcassets */; };
		1335EA5625A8586100024059 /* UIView+Ext.swift in Sources */ = {isa = PBXBuildFile; fileRef = 1335EA5525A8586100024059 /* UIView+Ext.swift */; };
		1335EA5925A8589E00024059 /* UIStackView+Ext.swift in Sources */ = {isa = PBXBuildFile; fileRef = 1335EA5825A8589E00024059 /* UIStackView+Ext.swift */; };
		134198AA25B1270D000D98F7 /* Recipe.swift in Sources */ = {isa = PBXBuildFile; fileRef = 134198A925B1270D000D98F7 /* Recipe.swift */; };
		134198B025B12A21000D98F7 /* NetworkManager.swift in Sources */ = {isa = PBXBuildFile; fileRef = 134198AF25B12A21000D98F7 /* NetworkManager.swift */; };
		1347096825AD24FC002C4078 /* README.md in Resources */ = {isa = PBXBuildFile; fileRef = 1347096725AD24FC002C4078 /* README.md */; };
		1347096D25AD25F0002C4078 /* AppBanner.png in Resources */ = {isa = PBXBuildFile; fileRef = 1347096C25AD25F0002C4078 /* AppBanner.png */; };
		135062A925AAF16300339668 /* SignUpViewController.swift in Sources */ = {isa = PBXBuildFile; fileRef = 135062A825AAF16300339668 /* SignUpViewController.swift */; };
		1358B3A525E5B3C6005EDE57 /* TagLabel.swift in Sources */ = {isa = PBXBuildFile; fileRef = 1358B3A425E5B3C6005EDE57 /* TagLabel.swift */; };
		135F79A925E72FF500B202F0 /* SecondaryButton.swift in Sources */ = {isa = PBXBuildFile; fileRef = 135F79A825E72FF500B202F0 /* SecondaryButton.swift */; };
		1373BBCA25E0A78000AE357B /* TextFieldCell.swift in Sources */ = {isa = PBXBuildFile; fileRef = 1373BBC925E0A78000AE357B /* TextFieldCell.swift */; };
		137B2B9E25DF7E6100DB544B /* UploadIngredientsViewController.swift in Sources */ = {isa = PBXBuildFile; fileRef = 137B2B9D25DF7E6100DB544B /* UploadIngredientsViewController.swift */; };
		137D655525D9F9410011C148 /* RecipeViewModel.swift in Sources */ = {isa = PBXBuildFile; fileRef = 137D655425D9F9410011C148 /* RecipeViewModel.swift */; };
		13C5F23225CCD17100567D2A /* RecipeCell.swift in Sources */ = {isa = PBXBuildFile; fileRef = 13C5F23125CCD17100567D2A /* RecipeCell.swift */; };
		13E0AA8925AFC171002EEEA3 /* Firebase.swift in Sources */ = {isa = PBXBuildFile; fileRef = 13E0AA8825AFC171002EEEA3 /* Firebase.swift */; };
		13E0AAA225AFCA23002EEEA3 /* Validation.swift in Sources */ = {isa = PBXBuildFile; fileRef = 13E0AAA125AFCA23002EEEA3 /* Validation.swift */; };
		13E0AAA525B0061C002EEEA3 /* ErrorMessages.swift in Sources */ = {isa = PBXBuildFile; fileRef = 13E0AAA425B0061C002EEEA3 /* ErrorMessages.swift */; };
		13E0AAA825B016A6002EEEA3 /* HomeViewController.swift in Sources */ = {isa = PBXBuildFile; fileRef = 13E0AAA725B016A6002EEEA3 /* HomeViewController.swift */; };
		13E1D98125DB4B4F00BD278C /* UploadRecipeViewController.swift in Sources */ = {isa = PBXBuildFile; fileRef = 13E1D98025DB4B4F00BD278C /* UploadRecipeViewController.swift */; };
		C01FA016FED36A50A99CE8E3 /* Pods_ChefioRecipeApp.framework in Frameworks */ = {isa = PBXBuildFile; fileRef = DDB0FCEF4FE67F526D58AC0D /* Pods_ChefioRecipeApp.framework */; };
/* End PBXBuildFile section */

/* Begin PBXFileReference section */
		130DF85825A81F1F0081386A /* ChefioRecipeApp.app */ = {isa = PBXFileReference; explicitFileType = wrapper.application; includeInIndex = 0; path = ChefioRecipeApp.app; sourceTree = BUILT_PRODUCTS_DIR; };
		130DF85B25A81F1F0081386A /* AppDelegate.swift */ = {isa = PBXFileReference; lastKnownFileType = sourcecode.swift; path = AppDelegate.swift; sourceTree = "<group>"; };
		130DF85D25A81F1F0081386A /* SceneDelegate.swift */ = {isa = PBXFileReference; lastKnownFileType = sourcecode.swift; path = SceneDelegate.swift; sourceTree = "<group>"; };
		130DF85F25A81F1F0081386A /* OnboardingViewController.swift */ = {isa = PBXFileReference; lastKnownFileType = sourcecode.swift; path = OnboardingViewController.swift; sourceTree = "<group>"; };
		130DF86725A81F240081386A /* Base */ = {isa = PBXFileReference; lastKnownFileType = file.storyboard; name = Base; path = Base.lproj/LaunchScreen.storyboard; sourceTree = "<group>"; };
		130DF87225A823E70081386A /* Inter-Medium.ttf */ = {isa = PBXFileReference; lastKnownFileType = file; path = "Inter-Medium.ttf"; sourceTree = "<group>"; };
		130DF87325A823E70081386A /* Inter-Bold.ttf */ = {isa = PBXFileReference; lastKnownFileType = file; path = "Inter-Bold.ttf"; sourceTree = "<group>"; };
		130DF87B25A8274C0081386A /* PrimaryButton.swift */ = {isa = PBXFileReference; lastKnownFileType = sourcecode.swift; path = PrimaryButton.swift; sourceTree = "<group>"; };
		130DF87F25A8279C0081386A /* Constants.swift */ = {isa = PBXFileReference; lastKnownFileType = sourcecode.swift; path = Constants.swift; sourceTree = "<group>"; };
		130DF88625A82C2D0081386A /* HeaderLabel.swift */ = {isa = PBXFileReference; lastKnownFileType = sourcecode.swift; path = HeaderLabel.swift; sourceTree = "<group>"; };
		130DF88F25A82D250081386A /* BodyLabel.swift */ = {isa = PBXFileReference; lastKnownFileType = sourcecode.swift; path = BodyLabel.swift; sourceTree = "<group>"; };
		130DF89225A82DFA0081386A /* SignInViewController.swift */ = {isa = PBXFileReference; lastKnownFileType = sourcecode.swift; path = SignInViewController.swift; sourceTree = "<group>"; };
		130DF8A325A837140081386A /* TextField.swift */ = {isa = PBXFileReference; lastKnownFileType = sourcecode.swift; path = TextField.swift; sourceTree = "<group>"; };
		1314C05225DDECA70023E3E3 /* TextView.swift */ = {isa = PBXFileReference; lastKnownFileType = sourcecode.swift; path = TextView.swift; sourceTree = "<group>"; };
		1314C05625DDFE700023E3E3 /* Slider.swift */ = {isa = PBXFileReference; lastKnownFileType = sourcecode.swift; path = Slider.swift; sourceTree = "<group>"; };
		1314C05C25DE260F0023E3E3 /* ImagePickerButton.swift */ = {isa = PBXFileReference; lastKnownFileType = sourcecode.swift; path = ImagePickerButton.swift; sourceTree = "<group>"; };
		1314E7A825AD938700780B37 /* GoogleService-Info.plist */ = {isa = PBXFileReference; fileEncoding = 4; lastKnownFileType = text.plist.xml; path = "GoogleService-Info.plist"; sourceTree = "<group>"; };
		131BE42225AC611D000974FC /* UIViewController+Ext.swift */ = {isa = PBXFileReference; lastKnownFileType = sourcecode.swift; path = "UIViewController+Ext.swift"; sourceTree = "<group>"; };
		13268B1225A841FC00E49EDF /* Info.plist */ = {isa = PBXFileReference; lastKnownFileType = text.plist.xml; path = Info.plist; sourceTree = "<group>"; };
		1335EA5525A8586100024059 /* UIView+Ext.swift */ = {isa = PBXFileReference; lastKnownFileType = sourcecode.swift; path = "UIView+Ext.swift"; sourceTree = "<group>"; };
		1335EA5825A8589E00024059 /* UIStackView+Ext.swift */ = {isa = PBXFileReference; lastKnownFileType = sourcecode.swift; path = "UIStackView+Ext.swift"; sourceTree = "<group>"; };
		134198A925B1270D000D98F7 /* Recipe.swift */ = {isa = PBXFileReference; lastKnownFileType = sourcecode.swift; path = Recipe.swift; sourceTree = "<group>"; };
		134198AF25B12A21000D98F7 /* NetworkManager.swift */ = {isa = PBXFileReference; lastKnownFileType = sourcecode.swift; path = NetworkManager.swift; sourceTree = "<group>"; };
		1347096725AD24FC002C4078 /* README.md */ = {isa = PBXFileReference; lastKnownFileType = net.daringfireball.markdown; path = README.md; sourceTree = "<group>"; };
		1347096C25AD25F0002C4078 /* AppBanner.png */ = {isa = PBXFileReference; lastKnownFileType = image.png; path = AppBanner.png; sourceTree = "<group>"; };
		135062A825AAF16300339668 /* SignUpViewController.swift */ = {isa = PBXFileReference; lastKnownFileType = sourcecode.swift; path = SignUpViewController.swift; sourceTree = "<group>"; };
		1358B3A425E5B3C6005EDE57 /* TagLabel.swift */ = {isa = PBXFileReference; lastKnownFileType = sourcecode.swift; path = TagLabel.swift; sourceTree = "<group>"; };
		135F79A825E72FF500B202F0 /* SecondaryButton.swift */ = {isa = PBXFileReference; lastKnownFileType = sourcecode.swift; path = SecondaryButton.swift; sourceTree = "<group>"; };
		1373BBC925E0A78000AE357B /* TextFieldCell.swift */ = {isa = PBXFileReference; lastKnownFileType = sourcecode.swift; path = TextFieldCell.swift; sourceTree = "<group>"; };
		137B2B9D25DF7E6100DB544B /* UploadIngredientsViewController.swift */ = {isa = PBXFileReference; lastKnownFileType = sourcecode.swift; path = UploadIngredientsViewController.swift; sourceTree = "<group>"; };
		137D655425D9F9410011C148 /* RecipeViewModel.swift */ = {isa = PBXFileReference; lastKnownFileType = sourcecode.swift; path = RecipeViewModel.swift; sourceTree = "<group>"; };
		13C5F23125CCD17100567D2A /* RecipeCell.swift */ = {isa = PBXFileReference; lastKnownFileType = sourcecode.swift; path = RecipeCell.swift; sourceTree = "<group>"; };
		13E0AA8825AFC171002EEEA3 /* Firebase.swift */ = {isa = PBXFileReference; lastKnownFileType = sourcecode.swift; path = Firebase.swift; sourceTree = "<group>"; };
		13E0AAA125AFCA23002EEEA3 /* Validation.swift */ = {isa = PBXFileReference; lastKnownFileType = sourcecode.swift; path = Validation.swift; sourceTree = "<group>"; };
		13E0AAA425B0061C002EEEA3 /* ErrorMessages.swift */ = {isa = PBXFileReference; lastKnownFileType = sourcecode.swift; path = ErrorMessages.swift; sourceTree = "<group>"; };
		13E0AAA725B016A6002EEEA3 /* HomeViewController.swift */ = {isa = PBXFileReference; lastKnownFileType = sourcecode.swift; path = HomeViewController.swift; sourceTree = "<group>"; };
		13E1D98025DB4B4F00BD278C /* UploadRecipeViewController.swift */ = {isa = PBXFileReference; lastKnownFileType = sourcecode.swift; path = UploadRecipeViewController.swift; sourceTree = "<group>"; };
		13EB6F5225A83C3000ACE243 /* Assets.xcassets */ = {isa = PBXFileReference; lastKnownFileType = folder.assetcatalog; path = Assets.xcassets; sourceTree = "<group>"; };
		2FEA4DBFD4583F964314D7EB /* Pods-ChefioRecipeApp.release.xcconfig */ = {isa = PBXFileReference; includeInIndex = 1; lastKnownFileType = text.xcconfig; name = "Pods-ChefioRecipeApp.release.xcconfig"; path = "Target Support Files/Pods-ChefioRecipeApp/Pods-ChefioRecipeApp.release.xcconfig"; sourceTree = "<group>"; };
		D279F4B744C889FEA76E19B7 /* Pods-ChefioRecipeApp.debug.xcconfig */ = {isa = PBXFileReference; includeInIndex = 1; lastKnownFileType = text.xcconfig; name = "Pods-ChefioRecipeApp.debug.xcconfig"; path = "Target Support Files/Pods-ChefioRecipeApp/Pods-ChefioRecipeApp.debug.xcconfig"; sourceTree = "<group>"; };
		DDB0FCEF4FE67F526D58AC0D /* Pods_ChefioRecipeApp.framework */ = {isa = PBXFileReference; explicitFileType = wrapper.framework; includeInIndex = 0; path = Pods_ChefioRecipeApp.framework; sourceTree = BUILT_PRODUCTS_DIR; };
/* End PBXFileReference section */

/* Begin PBXFrameworksBuildPhase section */
		130DF85525A81F1F0081386A /* Frameworks */ = {
			isa = PBXFrameworksBuildPhase;
			buildActionMask = 2147483647;
			files = (
				C01FA016FED36A50A99CE8E3 /* Pods_ChefioRecipeApp.framework in Frameworks */,
			);
			runOnlyForDeploymentPostprocessing = 0;
		};
/* End PBXFrameworksBuildPhase section */

/* Begin PBXGroup section */
		130DF84F25A81F1F0081386A = {
			isa = PBXGroup;
			children = (
				1347096625AD24E3002C4078 /* Documentation */,
				1347096725AD24FC002C4078 /* README.md */,
				130DF85A25A81F1F0081386A /* ChefioRecipeApp */,
				130DF85925A81F1F0081386A /* Products */,
				94946CEA719E1335E9B7CA92 /* Pods */,
				E5E3630628CA0C24CA1B8CCF /* Frameworks */,
			);
			sourceTree = "<group>";
		};
		130DF85925A81F1F0081386A /* Products */ = {
			isa = PBXGroup;
			children = (
				130DF85825A81F1F0081386A /* ChefioRecipeApp.app */,
			);
			name = Products;
			sourceTree = "<group>";
		};
		130DF85A25A81F1F0081386A /* ChefioRecipeApp */ = {
			isa = PBXGroup;
			children = (
				134198A825B12701000D98F7 /* Model */,
				137D656525DA08860011C148 /* View */,
				137D655325D9F9270011C148 /* ViewModel */,
				134198AE25B12A0A000D98F7 /* Networking */,
				130DF88D25A82CE60081386A /* Utilities */,
				1335EA4F25A8582500024059 /* Extensions */,
				130DF87125A822E50081386A /* Fonts */,
				130DF89525A82E150081386A /* Support */,
				13268B1225A841FC00E49EDF /* Info.plist */,
				1314E7A825AD938700780B37 /* GoogleService-Info.plist */,
			);
			path = ChefioRecipeApp;
			sourceTree = "<group>";
		};
		130DF87125A822E50081386A /* Fonts */ = {
			isa = PBXGroup;
			children = (
				130DF87325A823E70081386A /* Inter-Bold.ttf */,
				130DF87225A823E70081386A /* Inter-Medium.ttf */,
			);
			path = Fonts;
			sourceTree = "<group>";
		};
		130DF88925A82CC20081386A /* Labels */ = {
			isa = PBXGroup;
			children = (
				130DF88625A82C2D0081386A /* HeaderLabel.swift */,
				130DF88F25A82D250081386A /* BodyLabel.swift */,
				1358B3A425E5B3C6005EDE57 /* TagLabel.swift */,
			);
			path = Labels;
			sourceTree = "<group>";
		};
		130DF88B25A82CCB0081386A /* Buttons */ = {
			isa = PBXGroup;
			children = (
				130DF87B25A8274C0081386A /* PrimaryButton.swift */,
				135F79A825E72FF500B202F0 /* SecondaryButton.swift */,
				1314C05C25DE260F0023E3E3 /* ImagePickerButton.swift */,
			);
			path = Buttons;
			sourceTree = "<group>";
		};
		130DF88D25A82CE60081386A /* Utilities */ = {
			isa = PBXGroup;
			children = (
				130DF87F25A8279C0081386A /* Constants.swift */,
				13E0AA8825AFC171002EEEA3 /* Firebase.swift */,
				13E0AAA125AFCA23002EEEA3 /* Validation.swift */,
				13E0AAA425B0061C002EEEA3 /* ErrorMessages.swift */,
			);
			path = Utilities;
			sourceTree = "<group>";
		};
		130DF89525A82E150081386A /* Support */ = {
			isa = PBXGroup;
			children = (
				130DF85B25A81F1F0081386A /* AppDelegate.swift */,
				13EB6F5225A83C3000ACE243 /* Assets.xcassets */,
				130DF85D25A81F1F0081386A /* SceneDelegate.swift */,
				130DF86625A81F240081386A /* LaunchScreen.storyboard */,
			);
			path = Support;
			sourceTree = "<group>";
		};
		130DF89725A82E530081386A /* ViewControllers */ = {
			isa = PBXGroup;
			children = (
				130DF85F25A81F1F0081386A /* OnboardingViewController.swift */,
				130DF89225A82DFA0081386A /* SignInViewController.swift */,
				135062A825AAF16300339668 /* SignUpViewController.swift */,
				13E0AAA725B016A6002EEEA3 /* HomeViewController.swift */,
				13E1D98025DB4B4F00BD278C /* UploadRecipeViewController.swift */,
				137B2B9D25DF7E6100DB544B /* UploadIngredientsViewController.swift */,
			);
			path = ViewControllers;
			sourceTree = "<group>";
		};
		130DF8A225A836F10081386A /* Text Fields */ = {
			isa = PBXGroup;
			children = (
				130DF8A325A837140081386A /* TextField.swift */,
				1314C05225DDECA70023E3E3 /* TextView.swift */,
			);
			path = "Text Fields";
			sourceTree = "<group>";
		};
		1314C05525DDFE5E0023E3E3 /* Slider */ = {
			isa = PBXGroup;
			children = (
				1314C05625DDFE700023E3E3 /* Slider.swift */,
			);
			path = Slider;
			sourceTree = "<group>";
		};
		1335EA4F25A8582500024059 /* Extensions */ = {
			isa = PBXGroup;
			children = (
				1335EA5525A8586100024059 /* UIView+Ext.swift */,
				1335EA5825A8589E00024059 /* UIStackView+Ext.swift */,
				131BE42225AC611D000974FC /* UIViewController+Ext.swift */,
			);
			path = Extensions;
			sourceTree = "<group>";
		};
		134198A825B12701000D98F7 /* Model */ = {
			isa = PBXGroup;
			children = (
				134198A925B1270D000D98F7 /* Recipe.swift */,
			);
			path = Model;
			sourceTree = "<group>";
		};
		134198AE25B12A0A000D98F7 /* Networking */ = {
			isa = PBXGroup;
			children = (
				134198AF25B12A21000D98F7 /* NetworkManager.swift */,
			);
			path = Networking;
			sourceTree = "<group>";
		};
		1347096625AD24E3002C4078 /* Documentation */ = {
			isa = PBXGroup;
			children = (
				1347096C25AD25F0002C4078 /* AppBanner.png */,
			);
			path = Documentation;
			sourceTree = "<group>";
		};
		1370F0A925DC47F300E03791 /* Custom Views */ = {
			isa = PBXGroup;
			children = (
				1314C05525DDFE5E0023E3E3 /* Slider */,
				130DF88925A82CC20081386A /* Labels */,
				1370F0AA25DC480200E03791 /* View */,
				13C5F21525CCACAB00567D2A /* Cell */,
				130DF88B25A82CCB0081386A /* Buttons */,
				130DF8A225A836F10081386A /* Text Fields */,
			);
			path = "Custom Views";
			sourceTree = "<group>";
		};
		1370F0AA25DC480200E03791 /* View */ = {
			isa = PBXGroup;
			children = (
			);
			path = View;
			sourceTree = "<group>";
		};
		137D655325D9F9270011C148 /* ViewModel */ = {
			isa = PBXGroup;
			children = (
				137D655425D9F9410011C148 /* RecipeViewModel.swift */,
			);
			path = ViewModel;
			sourceTree = "<group>";
		};
		137D656525DA08860011C148 /* View */ = {
			isa = PBXGroup;
			children = (
				1370F0A925DC47F300E03791 /* Custom Views */,
				130DF89725A82E530081386A /* ViewControllers */,
			);
			path = View;
			sourceTree = "<group>";
		};
		13C5F21525CCACAB00567D2A /* Cell */ = {
			isa = PBXGroup;
			children = (
				13C5F23125CCD17100567D2A /* RecipeCell.swift */,
				1373BBC925E0A78000AE357B /* TextFieldCell.swift */,
			);
			path = Cell;
			sourceTree = "<group>";
		};
		94946CEA719E1335E9B7CA92 /* Pods */ = {
			isa = PBXGroup;
			children = (
				D279F4B744C889FEA76E19B7 /* Pods-ChefioRecipeApp.debug.xcconfig */,
				2FEA4DBFD4583F964314D7EB /* Pods-ChefioRecipeApp.release.xcconfig */,
			);
			path = Pods;
			sourceTree = "<group>";
		};
		E5E3630628CA0C24CA1B8CCF /* Frameworks */ = {
			isa = PBXGroup;
			children = (
				DDB0FCEF4FE67F526D58AC0D /* Pods_ChefioRecipeApp.framework */,
			);
			name = Frameworks;
			sourceTree = "<group>";
		};
/* End PBXGroup section */

/* Begin PBXNativeTarget section */
		130DF85725A81F1F0081386A /* ChefioRecipeApp */ = {
			isa = PBXNativeTarget;
			buildConfigurationList = 130DF86C25A81F240081386A /* Build configuration list for PBXNativeTarget "ChefioRecipeApp" */;
			buildPhases = (
				26CCE519FD08C77A1BBF9675 /* [CP] Check Pods Manifest.lock */,
				130DF85425A81F1F0081386A /* Sources */,
				130DF85525A81F1F0081386A /* Frameworks */,
				130DF85625A81F1F0081386A /* Resources */,
				B46545987C460F22A242F59F /* [CP] Embed Pods Frameworks */,
			);
			buildRules = (
			);
			dependencies = (
			);
			name = ChefioRecipeApp;
			productName = ChefioRecipeApp;
			productReference = 130DF85825A81F1F0081386A /* ChefioRecipeApp.app */;
			productType = "com.apple.product-type.application";
		};
/* End PBXNativeTarget section */

/* Begin PBXProject section */
		130DF85025A81F1F0081386A /* Project object */ = {
			isa = PBXProject;
			attributes = {
				LastSwiftUpdateCheck = 1230;
				LastUpgradeCheck = 1230;
				TargetAttributes = {
					130DF85725A81F1F0081386A = {
						CreatedOnToolsVersion = 12.3;
					};
				};
			};
			buildConfigurationList = 130DF85325A81F1F0081386A /* Build configuration list for PBXProject "ChefioRecipeApp" */;
			compatibilityVersion = "Xcode 9.3";
			developmentRegion = en;
			hasScannedForEncodings = 0;
			knownRegions = (
				en,
				Base,
			);
			mainGroup = 130DF84F25A81F1F0081386A;
			productRefGroup = 130DF85925A81F1F0081386A /* Products */;
			projectDirPath = "";
			projectRoot = "";
			targets = (
				130DF85725A81F1F0081386A /* ChefioRecipeApp */,
			);
		};
/* End PBXProject section */

/* Begin PBXResourcesBuildPhase section */
		130DF85625A81F1F0081386A /* Resources */ = {
			isa = PBXResourcesBuildPhase;
			buildActionMask = 2147483647;
			files = (
				1347096825AD24FC002C4078 /* README.md in Resources */,
				1335EA4D25A8441E00024059 /* Assets.xcassets in Resources */,
				130DF86825A81F240081386A /* LaunchScreen.storyboard in Resources */,
				1347096D25AD25F0002C4078 /* AppBanner.png in Resources */,
				130DF87525A823E70081386A /* Inter-Bold.ttf in Resources */,
				130DF87425A823E70081386A /* Inter-Medium.ttf in Resources */,
				1314E7A925AD938700780B37 /* GoogleService-Info.plist in Resources */,
			);
			runOnlyForDeploymentPostprocessing = 0;
		};
/* End PBXResourcesBuildPhase section */

/* Begin PBXShellScriptBuildPhase section */
		26CCE519FD08C77A1BBF9675 /* [CP] Check Pods Manifest.lock */ = {
			isa = PBXShellScriptBuildPhase;
			buildActionMask = 2147483647;
			files = (
			);
			inputFileListPaths = (
			);
			inputPaths = (
				"${PODS_PODFILE_DIR_PATH}/Podfile.lock",
				"${PODS_ROOT}/Manifest.lock",
			);
			name = "[CP] Check Pods Manifest.lock";
			outputFileListPaths = (
			);
			outputPaths = (
				"$(DERIVED_FILE_DIR)/Pods-ChefioRecipeApp-checkManifestLockResult.txt",
			);
			runOnlyForDeploymentPostprocessing = 0;
			shellPath = /bin/sh;
			shellScript = "diff \"${PODS_PODFILE_DIR_PATH}/Podfile.lock\" \"${PODS_ROOT}/Manifest.lock\" > /dev/null\nif [ $? != 0 ] ; then\n    # print error to STDERR\n    echo \"error: The sandbox is not in sync with the Podfile.lock. Run 'pod install' or update your CocoaPods installation.\" >&2\n    exit 1\nfi\n# This output is used by Xcode 'outputs' to avoid re-running this script phase.\necho \"SUCCESS\" > \"${SCRIPT_OUTPUT_FILE_0}\"\n";
			showEnvVarsInLog = 0;
		};
		B46545987C460F22A242F59F /* [CP] Embed Pods Frameworks */ = {
			isa = PBXShellScriptBuildPhase;
			buildActionMask = 2147483647;
			files = (
			);
			inputFileListPaths = (
				"${PODS_ROOT}/Target Support Files/Pods-ChefioRecipeApp/Pods-ChefioRecipeApp-frameworks-${CONFIGURATION}-input-files.xcfilelist",
			);
			name = "[CP] Embed Pods Frameworks";
			outputFileListPaths = (
				"${PODS_ROOT}/Target Support Files/Pods-ChefioRecipeApp/Pods-ChefioRecipeApp-frameworks-${CONFIGURATION}-output-files.xcfilelist",
			);
			runOnlyForDeploymentPostprocessing = 0;
			shellPath = /bin/sh;
			shellScript = "\"${PODS_ROOT}/Target Support Files/Pods-ChefioRecipeApp/Pods-ChefioRecipeApp-frameworks.sh\"\n";
			showEnvVarsInLog = 0;
		};
/* End PBXShellScriptBuildPhase section */

/* Begin PBXSourcesBuildPhase section */
		130DF85425A81F1F0081386A /* Sources */ = {
			isa = PBXSourcesBuildPhase;
			buildActionMask = 2147483647;
			files = (
				134198B025B12A21000D98F7 /* NetworkManager.swift in Sources */,
				13E0AAA525B0061C002EEEA3 /* ErrorMessages.swift in Sources */,
				13E0AA8925AFC171002EEEA3 /* Firebase.swift in Sources */,
				130DF88025A8279C0081386A /* Constants.swift in Sources */,
				137B2B9E25DF7E6100DB544B /* UploadIngredientsViewController.swift in Sources */,
				1373BBCA25E0A78000AE357B /* TextFieldCell.swift in Sources */,
				13E0AAA825B016A6002EEEA3 /* HomeViewController.swift in Sources */,
				131BE42325AC611D000974FC /* UIViewController+Ext.swift in Sources */,
				130DF89025A82D250081386A /* BodyLabel.swift in Sources */,
				1335EA5625A8586100024059 /* UIView+Ext.swift in Sources */,
				13E1D98125DB4B4F00BD278C /* UploadRecipeViewController.swift in Sources */,
				1314C05325DDECA70023E3E3 /* TextView.swift in Sources */,
				130DF88725A82C2D0081386A /* HeaderLabel.swift in Sources */,
				130DF86025A81F1F0081386A /* OnboardingViewController.swift in Sources */,
				137D655525D9F9410011C148 /* RecipeViewModel.swift in Sources */,
				130DF89325A82DFA0081386A /* SignInViewController.swift in Sources */,
				1314C05725DDFE700023E3E3 /* Slider.swift in Sources */,
				135062A925AAF16300339668 /* SignUpViewController.swift in Sources */,
				135F79A925E72FF500B202F0 /* SecondaryButton.swift in Sources */,
				130DF85C25A81F1F0081386A /* AppDelegate.swift in Sources */,
				1335EA5925A8589E00024059 /* UIStackView+Ext.swift in Sources */,
				130DF8A425A837140081386A /* TextField.swift in Sources */,
				13C5F23225CCD17100567D2A /* RecipeCell.swift in Sources */,
				130DF87C25A8274C0081386A /* PrimaryButton.swift in Sources */,
				134198AA25B1270D000D98F7 /* Recipe.swift in Sources */,
				1314C05D25DE260F0023E3E3 /* ImagePickerButton.swift in Sources */,
				1358B3A525E5B3C6005EDE57 /* TagLabel.swift in Sources */,
				13E0AAA225AFCA23002EEEA3 /* Validation.swift in Sources */,
				130DF85E25A81F1F0081386A /* SceneDelegate.swift in Sources */,
			);
			runOnlyForDeploymentPostprocessing = 0;
		};
/* End PBXSourcesBuildPhase section */

/* Begin PBXVariantGroup section */
		130DF86625A81F240081386A /* LaunchScreen.storyboard */ = {
			isa = PBXVariantGroup;
			children = (
				130DF86725A81F240081386A /* Base */,
			);
			name = LaunchScreen.storyboard;
			sourceTree = "<group>";
		};
/* End PBXVariantGroup section */

/* Begin XCBuildConfiguration section */
		130DF86A25A81F240081386A /* Debug */ = {
			isa = XCBuildConfiguration;
			buildSettings = {
				ALWAYS_SEARCH_USER_PATHS = NO;
				CLANG_ANALYZER_NONNULL = YES;
				CLANG_ANALYZER_NUMBER_OBJECT_CONVERSION = YES_AGGRESSIVE;
				CLANG_CXX_LANGUAGE_STANDARD = "gnu++14";
				CLANG_CXX_LIBRARY = "libc++";
				CLANG_ENABLE_MODULES = YES;
				CLANG_ENABLE_OBJC_ARC = YES;
				CLANG_ENABLE_OBJC_WEAK = YES;
				CLANG_WARN_BLOCK_CAPTURE_AUTORELEASING = YES;
				CLANG_WARN_BOOL_CONVERSION = YES;
				CLANG_WARN_COMMA = YES;
				CLANG_WARN_CONSTANT_CONVERSION = YES;
				CLANG_WARN_DEPRECATED_OBJC_IMPLEMENTATIONS = YES;
				CLANG_WARN_DIRECT_OBJC_ISA_USAGE = YES_ERROR;
				CLANG_WARN_DOCUMENTATION_COMMENTS = YES;
				CLANG_WARN_EMPTY_BODY = YES;
				CLANG_WARN_ENUM_CONVERSION = YES;
				CLANG_WARN_INFINITE_RECURSION = YES;
				CLANG_WARN_INT_CONVERSION = YES;
				CLANG_WARN_NON_LITERAL_NULL_CONVERSION = YES;
				CLANG_WARN_OBJC_IMPLICIT_RETAIN_SELF = YES;
				CLANG_WARN_OBJC_LITERAL_CONVERSION = YES;
				CLANG_WARN_OBJC_ROOT_CLASS = YES_ERROR;
				CLANG_WARN_QUOTED_INCLUDE_IN_FRAMEWORK_HEADER = YES;
				CLANG_WARN_RANGE_LOOP_ANALYSIS = YES;
				CLANG_WARN_STRICT_PROTOTYPES = YES;
				CLANG_WARN_SUSPICIOUS_MOVE = YES;
				CLANG_WARN_UNGUARDED_AVAILABILITY = YES_AGGRESSIVE;
				CLANG_WARN_UNREACHABLE_CODE = YES;
				CLANG_WARN__DUPLICATE_METHOD_MATCH = YES;
				COPY_PHASE_STRIP = NO;
				DEBUG_INFORMATION_FORMAT = dwarf;
				ENABLE_STRICT_OBJC_MSGSEND = YES;
				ENABLE_TESTABILITY = YES;
				GCC_C_LANGUAGE_STANDARD = gnu11;
				GCC_DYNAMIC_NO_PIC = NO;
				GCC_NO_COMMON_BLOCKS = YES;
				GCC_OPTIMIZATION_LEVEL = 0;
				GCC_PREPROCESSOR_DEFINITIONS = (
					"DEBUG=1",
					"$(inherited)",
				);
				GCC_WARN_64_TO_32_BIT_CONVERSION = YES;
				GCC_WARN_ABOUT_RETURN_TYPE = YES_ERROR;
				GCC_WARN_UNDECLARED_SELECTOR = YES;
				GCC_WARN_UNINITIALIZED_AUTOS = YES_AGGRESSIVE;
				GCC_WARN_UNUSED_FUNCTION = YES;
				GCC_WARN_UNUSED_VARIABLE = YES;
				IPHONEOS_DEPLOYMENT_TARGET = 14.3;
				MTL_ENABLE_DEBUG_INFO = INCLUDE_SOURCE;
				MTL_FAST_MATH = YES;
				ONLY_ACTIVE_ARCH = YES;
				SDKROOT = iphoneos;
				SWIFT_ACTIVE_COMPILATION_CONDITIONS = DEBUG;
				SWIFT_OPTIMIZATION_LEVEL = "-Onone";
			};
			name = Debug;
		};
		130DF86B25A81F240081386A /* Release */ = {
			isa = XCBuildConfiguration;
			buildSettings = {
				ALWAYS_SEARCH_USER_PATHS = NO;
				CLANG_ANALYZER_NONNULL = YES;
				CLANG_ANALYZER_NUMBER_OBJECT_CONVERSION = YES_AGGRESSIVE;
				CLANG_CXX_LANGUAGE_STANDARD = "gnu++14";
				CLANG_CXX_LIBRARY = "libc++";
				CLANG_ENABLE_MODULES = YES;
				CLANG_ENABLE_OBJC_ARC = YES;
				CLANG_ENABLE_OBJC_WEAK = YES;
				CLANG_WARN_BLOCK_CAPTURE_AUTORELEASING = YES;
				CLANG_WARN_BOOL_CONVERSION = YES;
				CLANG_WARN_COMMA = YES;
				CLANG_WARN_CONSTANT_CONVERSION = YES;
				CLANG_WARN_DEPRECATED_OBJC_IMPLEMENTATIONS = YES;
				CLANG_WARN_DIRECT_OBJC_ISA_USAGE = YES_ERROR;
				CLANG_WARN_DOCUMENTATION_COMMENTS = YES;
				CLANG_WARN_EMPTY_BODY = YES;
				CLANG_WARN_ENUM_CONVERSION = YES;
				CLANG_WARN_INFINITE_RECURSION = YES;
				CLANG_WARN_INT_CONVERSION = YES;
				CLANG_WARN_NON_LITERAL_NULL_CONVERSION = YES;
				CLANG_WARN_OBJC_IMPLICIT_RETAIN_SELF = YES;
				CLANG_WARN_OBJC_LITERAL_CONVERSION = YES;
				CLANG_WARN_OBJC_ROOT_CLASS = YES_ERROR;
				CLANG_WARN_QUOTED_INCLUDE_IN_FRAMEWORK_HEADER = YES;
				CLANG_WARN_RANGE_LOOP_ANALYSIS = YES;
				CLANG_WARN_STRICT_PROTOTYPES = YES;
				CLANG_WARN_SUSPICIOUS_MOVE = YES;
				CLANG_WARN_UNGUARDED_AVAILABILITY = YES_AGGRESSIVE;
				CLANG_WARN_UNREACHABLE_CODE = YES;
				CLANG_WARN__DUPLICATE_METHOD_MATCH = YES;
				COPY_PHASE_STRIP = NO;
				DEBUG_INFORMATION_FORMAT = "dwarf-with-dsym";
				ENABLE_NS_ASSERTIONS = NO;
				ENABLE_STRICT_OBJC_MSGSEND = YES;
				GCC_C_LANGUAGE_STANDARD = gnu11;
				GCC_NO_COMMON_BLOCKS = YES;
				GCC_WARN_64_TO_32_BIT_CONVERSION = YES;
				GCC_WARN_ABOUT_RETURN_TYPE = YES_ERROR;
				GCC_WARN_UNDECLARED_SELECTOR = YES;
				GCC_WARN_UNINITIALIZED_AUTOS = YES_AGGRESSIVE;
				GCC_WARN_UNUSED_FUNCTION = YES;
				GCC_WARN_UNUSED_VARIABLE = YES;
				IPHONEOS_DEPLOYMENT_TARGET = 14.3;
				MTL_ENABLE_DEBUG_INFO = NO;
				MTL_FAST_MATH = YES;
				SDKROOT = iphoneos;
				SWIFT_COMPILATION_MODE = wholemodule;
				SWIFT_OPTIMIZATION_LEVEL = "-O";
				VALIDATE_PRODUCT = YES;
			};
			name = Release;
		};
		130DF86D25A81F240081386A /* Debug */ = {
			isa = XCBuildConfiguration;
			baseConfigurationReference = D279F4B744C889FEA76E19B7 /* Pods-ChefioRecipeApp.debug.xcconfig */;
			buildSettings = {
				ASSETCATALOG_COMPILER_APPICON_NAME = AppIcon;
				ASSETCATALOG_COMPILER_GLOBAL_ACCENT_COLOR_NAME = AccentColor;
				CODE_SIGN_STYLE = Automatic;
				DEVELOPMENT_TEAM = M5BS2K2345;
				INFOPLIST_FILE = ChefioRecipeApp/Info.plist;
				IPHONEOS_DEPLOYMENT_TARGET = 14.3;
				LD_RUNPATH_SEARCH_PATHS = (
					"$(inherited)",
					"@executable_path/Frameworks",
				);
				PRODUCT_BUNDLE_IDENTIFIER = com.giovannapezzini.ChefioRecipeApp;
				PRODUCT_NAME = "$(TARGET_NAME)";
				SWIFT_VERSION = 5.0;
				TARGETED_DEVICE_FAMILY = 1;
			};
			name = Debug;
		};
		130DF86E25A81F240081386A /* Release */ = {
			isa = XCBuildConfiguration;
			baseConfigurationReference = 2FEA4DBFD4583F964314D7EB /* Pods-ChefioRecipeApp.release.xcconfig */;
			buildSettings = {
				ASSETCATALOG_COMPILER_APPICON_NAME = AppIcon;
				ASSETCATALOG_COMPILER_GLOBAL_ACCENT_COLOR_NAME = AccentColor;
				CODE_SIGN_STYLE = Automatic;
				DEVELOPMENT_TEAM = M5BS2K2345;
				INFOPLIST_FILE = ChefioRecipeApp/Info.plist;
				IPHONEOS_DEPLOYMENT_TARGET = 14.3;
				LD_RUNPATH_SEARCH_PATHS = (
					"$(inherited)",
					"@executable_path/Frameworks",
				);
				PRODUCT_BUNDLE_IDENTIFIER = com.giovannapezzini.ChefioRecipeApp;
				PRODUCT_NAME = "$(TARGET_NAME)";
				SWIFT_VERSION = 5.0;
				TARGETED_DEVICE_FAMILY = 1;
			};
			name = Release;
		};
/* End XCBuildConfiguration section */

/* Begin XCConfigurationList section */
		130DF85325A81F1F0081386A /* Build configuration list for PBXProject "ChefioRecipeApp" */ = {
			isa = XCConfigurationList;
			buildConfigurations = (
				130DF86A25A81F240081386A /* Debug */,
				130DF86B25A81F240081386A /* Release */,
			);
			defaultConfigurationIsVisible = 0;
			defaultConfigurationName = Release;
		};
		130DF86C25A81F240081386A /* Build configuration list for PBXNativeTarget "ChefioRecipeApp" */ = {
			isa = XCConfigurationList;
			buildConfigurations = (
				130DF86D25A81F240081386A /* Debug */,
				130DF86E25A81F240081386A /* Release */,
			);
			defaultConfigurationIsVisible = 0;
			defaultConfigurationName = Release;
		};
/* End XCConfigurationList section */
	};
	rootObject = 130DF85025A81F1F0081386A /* Project object */;
}
